
Microsoft Visual Studio Solution File, Format Version 12.00
# Visual Studio Version 17
VisualStudioVersion = 17.6.33723.286
MinimumVisualStudioVersion = 10.0.40219.1
Project("{9A19103F-16F7-4668-BE54-9A1E7A4F7556}") = "ImmersiveEnvironment", "ImmersiveEnvironment.csproj", "{3675759B-AD66-48BE-85F2-69C91C9A08DE}"
EndProject
Project("{2150E333-8FDC-42A3-9474-1A3956D46DE8}") = "Some Solution Items", "Some Solution Items", "{64FD13C9-1063-4BA5-96D3-6FC757FE9AD0}"
	ProjectSection(SolutionItems) = preProject
		README.md = README.md
	EndProjectSection
EndProject
Global
	GlobalSection(SolutionConfigurationPlatforms) = preSolution
		Debug|Any CPU = Debug|Any CPU
		Release|Any CPU = Release|Any CPU
	EndGlobalSection
	GlobalSection(ProjectConfigurationPlatforms) = postSolution
		{3675759B-AD66-48BE-85F2-69C91C9A08DE}.Debug|Any CPU.ActiveCfg = Debug|Any CPU
		{3675759B-AD66-48BE-85F2-69C91C9A08DE}.Debug|Any CPU.Build.0 = Debug|Any CPU
		{3675759B-AD66-48BE-85F2-69C91C9A08DE}.Release|Any CPU.ActiveCfg = Release|Any CPU
		{3675759B-AD66-48BE-85F2-69C91C9A08DE}.Release|Any CPU.Build.0 = Release|Any CPU
	EndGlobalSection
	GlobalSection(SolutionProperties) = preSolution
		HideSolutionNode = FALSE
	EndGlobalSection
	GlobalSection(ExtensibilityGlobals) = postSolution
		SolutionGuid = {D8A82238-1CBA-47D9-A4D0-BDE2033242E9}
	EndGlobalSection
EndGlobal
